
Microsoft Visual Studio Solution File, Format Version 12.00
Project("{FAE04EC0-301F-11D3-BF4B-00C04F79EFBC}") = "DaeForth", "DaeForth\DaeForth.csproj", "{EC781F00-4FFE-46C0-80B8-C51E46BA9E4E}"
EndProject
Project("{FAE04EC0-301F-11D3-BF4B-00C04F79EFBC}") = "DFC", "DFC\DFC.csproj", "{FBB7E776-CBF8-400D-8FB3-A40C32195210}"
EndProject
Project("{FAE04EC0-301F-11D3-BF4B-00C04F79EFBC}") = "FragmentToy", "FragmentToy\FragmentToy.csproj", "{CBDAE432-4FA6-49E3-BD68-6873DE95802F}"
EndProject
Project("{FAE04EC0-301F-11D3-BF4B-00C04F79EFBC}") = "MarchMadness", "MarchMadness\MarchMadness.csproj", "{FBC5871C-8CF4-47D4-A279-93C8F9C6AB8C}"
EndProject
Project("{FAE04EC0-301F-11D3-BF4B-00C04F79EFBC}") = "MeshDecimator", "MeshDecimator\MeshDecimator.csproj", "{70E57E7E-839F-49B9-945D-484BA8674409}"
EndProject
Global
	GlobalSection(SolutionConfigurationPlatforms) = preSolution
		Debug|Any CPU = Debug|Any CPU
		Release|Any CPU = Release|Any CPU
	EndGlobalSection
	GlobalSection(ProjectConfigurationPlatforms) = postSolution
		{EC781F00-4FFE-46C0-80B8-C51E46BA9E4E}.Debug|Any CPU.ActiveCfg = Debug|Any CPU
		{EC781F00-4FFE-46C0-80B8-C51E46BA9E4E}.Debug|Any CPU.Build.0 = Debug|Any CPU
		{EC781F00-4FFE-46C0-80B8-C51E46BA9E4E}.Release|Any CPU.ActiveCfg = Release|Any CPU
		{EC781F00-4FFE-46C0-80B8-C51E46BA9E4E}.Release|Any CPU.Build.0 = Release|Any CPU
		{FBB7E776-CBF8-400D-8FB3-A40C32195210}.Debug|Any CPU.ActiveCfg = Debug|Any CPU
		{FBB7E776-CBF8-400D-8FB3-A40C32195210}.Debug|Any CPU.Build.0 = Debug|Any CPU
		{FBB7E776-CBF8-400D-8FB3-A40C32195210}.Release|Any CPU.ActiveCfg = Release|Any CPU
		{FBB7E776-CBF8-400D-8FB3-A40C32195210}.Release|Any CPU.Build.0 = Release|Any CPU
		{CBDAE432-4FA6-49E3-BD68-6873DE95802F}.Debug|Any CPU.ActiveCfg = Debug|Any CPU
		{CBDAE432-4FA6-49E3-BD68-6873DE95802F}.Debug|Any CPU.Build.0 = Debug|Any CPU
		{CBDAE432-4FA6-49E3-BD68-6873DE95802F}.Release|Any CPU.ActiveCfg = Release|Any CPU
		{CBDAE432-4FA6-49E3-BD68-6873DE95802F}.Release|Any CPU.Build.0 = Release|Any CPU
		{FBC5871C-8CF4-47D4-A279-93C8F9C6AB8C}.Debug|Any CPU.ActiveCfg = Debug|Any CPU
		{FBC5871C-8CF4-47D4-A279-93C8F9C6AB8C}.Debug|Any CPU.Build.0 = Debug|Any CPU
		{FBC5871C-8CF4-47D4-A279-93C8F9C6AB8C}.Release|Any CPU.ActiveCfg = Release|Any CPU
		{FBC5871C-8CF4-47D4-A279-93C8F9C6AB8C}.Release|Any CPU.Build.0 = Release|Any CPU
		{70E57E7E-839F-49B9-945D-484BA8674409}.Debug|Any CPU.ActiveCfg = Debug|Any CPU
		{70E57E7E-839F-49B9-945D-484BA8674409}.Debug|Any CPU.Build.0 = Debug|Any CPU
		{70E57E7E-839F-49B9-945D-484BA8674409}.Release|Any CPU.ActiveCfg = Release|Any CPU
		{70E57E7E-839F-49B9-945D-484BA8674409}.Release|Any CPU.Build.0 = Release|Any CPU
	EndGlobalSection
EndGlobal
